// !$*UTF8*$!
{
	archiveVersion = 1;
	classes = {
	};
	objectVersion = 56;
	objects = {

/* Begin PBXBuildFile section */
		3D3DE8B62B39F133004373BE /* AppDelegate.swift in Sources */ = {isa = PBXBuildFile; fileRef = 3D3DE8B52B39F133004373BE /* AppDelegate.swift */; };
		3D3DE8B82B39F133004373BE /* SceneDelegate.swift in Sources */ = {isa = PBXBuildFile; fileRef = 3D3DE8B72B39F133004373BE /* SceneDelegate.swift */; };
		3D3DE8BD2B39F133004373BE /* Main.storyboard in Resources */ = {isa = PBXBuildFile; fileRef = 3D3DE8BB2B39F133004373BE /* Main.storyboard */; };
		3D3DE8BF2B39F135004373BE /* Assets.xcassets in Resources */ = {isa = PBXBuildFile; fileRef = 3D3DE8BE2B39F135004373BE /* Assets.xcassets */; };
		3D3DE8C22B39F135004373BE /* LaunchScreen.storyboard in Resources */ = {isa = PBXBuildFile; fileRef = 3D3DE8C02B39F135004373BE /* LaunchScreen.storyboard */; };
		3D3DE8CE2B39F84A004373BE /* OnboardingViewController.swift in Sources */ = {isa = PBXBuildFile; fileRef = 3D3DE8CD2B39F84A004373BE /* OnboardingViewController.swift */; };
		3D3DE8D12B39FC26004373BE /* UIview+Extensions.swift in Sources */ = {isa = PBXBuildFile; fileRef = 3D3DE8D02B39FC26004373BE /* UIview+Extensions.swift */; };
		3D3DE8D32B39FDF8004373BE /* OnboardingSlide.swift in Sources */ = {isa = PBXBuildFile; fileRef = 3D3DE8D22B39FDF8004373BE /* OnboardingSlide.swift */; };
		3D3DE8D52B3A0115004373BE /* OnboardingCollectionViewCell.swift in Sources */ = {isa = PBXBuildFile; fileRef = 3D3DE8D42B3A0115004373BE /* OnboardingCollectionViewCell.swift */; };
		3D3DE8D82B3B2BFA004373BE /* HomeViewController.swift in Sources */ = {isa = PBXBuildFile; fileRef = 3D3DE8D72B3B2BFA004373BE /* HomeViewController.swift */; };
		3D3DE8DD2B3B3AA5004373BE /* CatagoryCollectionViewCell.swift in Sources */ = {isa = PBXBuildFile; fileRef = 3D3DE8DB2B3B3AA5004373BE /* CatagoryCollectionViewCell.swift */; };
		3D3DE8DE2B3B3AA5004373BE /* CatagoryCollectionViewCell.xib in Resources */ = {isa = PBXBuildFile; fileRef = 3D3DE8DC2B3B3AA5004373BE /* CatagoryCollectionViewCell.xib */; };
		3D3DE8E02B3B44AD004373BE /* DishCatagory.swift in Sources */ = {isa = PBXBuildFile; fileRef = 3D3DE8DF2B3B44AD004373BE /* DishCatagory.swift */; };
		3DB00CAE2B3B634400510B67 /* Kingfisher in Frameworks */ = {isa = PBXBuildFile; productRef = 3DB00CAD2B3B634400510B67 /* Kingfisher */; };
		3DB00CB02B3C04B100510B67 /* String+Extension.swift in Sources */ = {isa = PBXBuildFile; fileRef = 3DB00CAF2B3C04B100510B67 /* String+Extension.swift */; };
		3DB00CB32B3C0F5200510B67 /* CardView.swift in Sources */ = {isa = PBXBuildFile; fileRef = 3DB00CB22B3C0F5200510B67 /* CardView.swift */; };
		3DB00CB72B3C162C00510B67 /* DishPortraitCollectionViewCell.swift in Sources */ = {isa = PBXBuildFile; fileRef = 3DB00CB52B3C162C00510B67 /* DishPortraitCollectionViewCell.swift */; };
		3DB00CB82B3C162C00510B67 /* DishPortraitCollectionViewCell.xib in Resources */ = {isa = PBXBuildFile; fileRef = 3DB00CB62B3C162C00510B67 /* DishPortraitCollectionViewCell.xib */; };
		3DB00CBA2B3C190C00510B67 /* Dish.swift in Sources */ = {isa = PBXBuildFile; fileRef = 3DB00CB92B3C190C00510B67 /* Dish.swift */; };
		3DB00CBE2B3C81D100510B67 /* DishLandscapeCollectionViewCell.swift in Sources */ = {isa = PBXBuildFile; fileRef = 3DB00CBC2B3C81D100510B67 /* DishLandscapeCollectionViewCell.swift */; };
		3DB00CBF2B3C81D100510B67 /* DishLandscapeCollectionViewCell.xib in Resources */ = {isa = PBXBuildFile; fileRef = 3DB00CBD2B3C81D100510B67 /* DishLandscapeCollectionViewCell.xib */; };
		3DB00CC22B3D5DF000510B67 /* DishDetailViewController.swift in Sources */ = {isa = PBXBuildFile; fileRef = 3DB00CC12B3D5DF000510B67 /* DishDetailViewController.swift */; };
		3DB00CC42B3D5F9D00510B67 /* UIViewController+Extension.swift in Sources */ = {isa = PBXBuildFile; fileRef = 3DB00CC32B3D5F9D00510B67 /* UIViewController+Extension.swift */; };
		D2D729AB1A2C3A7440FF6AC4 /* Pods_MealOrderApp.framework in Frameworks */ = {isa = PBXBuildFile; fileRef = F62CB2C3FC0A4C89E00BCEFB /* Pods_MealOrderApp.framework */; };
/* End PBXBuildFile section */

/* Begin PBXFileReference section */
		3D3DE8B22B39F133004373BE /* MealOrderApp.app */ = {isa = PBXFileReference; explicitFileType = wrapper.application; includeInIndex = 0; path = MealOrderApp.app; sourceTree = BUILT_PRODUCTS_DIR; };
		3D3DE8B52B39F133004373BE /* AppDelegate.swift */ = {isa = PBXFileReference; lastKnownFileType = sourcecode.swift; path = AppDelegate.swift; sourceTree = "<group>"; };
		3D3DE8B72B39F133004373BE /* SceneDelegate.swift */ = {isa = PBXFileReference; lastKnownFileType = sourcecode.swift; path = SceneDelegate.swift; sourceTree = "<group>"; };
		3D3DE8BC2B39F133004373BE /* Base */ = {isa = PBXFileReference; lastKnownFileType = file.storyboard; name = Base; path = Base.lproj/Main.storyboard; sourceTree = "<group>"; };
		3D3DE8BE2B39F135004373BE /* Assets.xcassets */ = {isa = PBXFileReference; lastKnownFileType = folder.assetcatalog; path = Assets.xcassets; sourceTree = "<group>"; };
		3D3DE8C12B39F135004373BE /* Base */ = {isa = PBXFileReference; lastKnownFileType = file.storyboard; name = Base; path = Base.lproj/LaunchScreen.storyboard; sourceTree = "<group>"; };
		3D3DE8C32B39F135004373BE /* Info.plist */ = {isa = PBXFileReference; lastKnownFileType = text.plist.xml; path = Info.plist; sourceTree = "<group>"; };
		3D3DE8CD2B39F84A004373BE /* OnboardingViewController.swift */ = {isa = PBXFileReference; lastKnownFileType = sourcecode.swift; path = OnboardingViewController.swift; sourceTree = "<group>"; };
		3D3DE8D02B39FC26004373BE /* UIview+Extensions.swift */ = {isa = PBXFileReference; lastKnownFileType = sourcecode.swift; path = "UIview+Extensions.swift"; sourceTree = "<group>"; };
		3D3DE8D22B39FDF8004373BE /* OnboardingSlide.swift */ = {isa = PBXFileReference; lastKnownFileType = sourcecode.swift; path = OnboardingSlide.swift; sourceTree = "<group>"; };
		3D3DE8D42B3A0115004373BE /* OnboardingCollectionViewCell.swift */ = {isa = PBXFileReference; lastKnownFileType = sourcecode.swift; path = OnboardingCollectionViewCell.swift; sourceTree = "<group>"; };
		3D3DE8D72B3B2BFA004373BE /* HomeViewController.swift */ = {isa = PBXFileReference; lastKnownFileType = sourcecode.swift; path = HomeViewController.swift; sourceTree = "<group>"; };
		3D3DE8DB2B3B3AA5004373BE /* CatagoryCollectionViewCell.swift */ = {isa = PBXFileReference; lastKnownFileType = sourcecode.swift; path = CatagoryCollectionViewCell.swift; sourceTree = "<group>"; };
		3D3DE8DC2B3B3AA5004373BE /* CatagoryCollectionViewCell.xib */ = {isa = PBXFileReference; lastKnownFileType = file.xib; path = CatagoryCollectionViewCell.xib; sourceTree = "<group>"; };
		3D3DE8DF2B3B44AD004373BE /* DishCatagory.swift */ = {isa = PBXFileReference; lastKnownFileType = sourcecode.swift; path = DishCatagory.swift; sourceTree = "<group>"; };
		3DB00CAF2B3C04B100510B67 /* String+Extension.swift */ = {isa = PBXFileReference; lastKnownFileType = sourcecode.swift; path = "String+Extension.swift"; sourceTree = "<group>"; };
		3DB00CB22B3C0F5200510B67 /* CardView.swift */ = {isa = PBXFileReference; lastKnownFileType = sourcecode.swift; path = CardView.swift; sourceTree = "<group>"; };
		3DB00CB52B3C162C00510B67 /* DishPortraitCollectionViewCell.swift */ = {isa = PBXFileReference; lastKnownFileType = sourcecode.swift; path = DishPortraitCollectionViewCell.swift; sourceTree = "<group>"; };
		3DB00CB62B3C162C00510B67 /* DishPortraitCollectionViewCell.xib */ = {isa = PBXFileReference; lastKnownFileType = file.xib; path = DishPortraitCollectionViewCell.xib; sourceTree = "<group>"; };
		3DB00CB92B3C190C00510B67 /* Dish.swift */ = {isa = PBXFileReference; lastKnownFileType = sourcecode.swift; path = Dish.swift; sourceTree = "<group>"; };
		3DB00CBC2B3C81D100510B67 /* DishLandscapeCollectionViewCell.swift */ = {isa = PBXFileReference; lastKnownFileType = sourcecode.swift; path = DishLandscapeCollectionViewCell.swift; sourceTree = "<group>"; };
		3DB00CBD2B3C81D100510B67 /* DishLandscapeCollectionViewCell.xib */ = {isa = PBXFileReference; lastKnownFileType = file.xib; path = DishLandscapeCollectionViewCell.xib; sourceTree = "<group>"; };
		3DB00CC12B3D5DF000510B67 /* DishDetailViewController.swift */ = {isa = PBXFileReference; lastKnownFileType = sourcecode.swift; path = DishDetailViewController.swift; sourceTree = "<group>"; };
		3DB00CC32B3D5F9D00510B67 /* UIViewController+Extension.swift */ = {isa = PBXFileReference; lastKnownFileType = sourcecode.swift; path = "UIViewController+Extension.swift"; sourceTree = "<group>"; };
		9E8C083A19CE3D09ACCF1C04 /* Pods-MealOrderApp.debug.xcconfig */ = {isa = PBXFileReference; includeInIndex = 1; lastKnownFileType = text.xcconfig; name = "Pods-MealOrderApp.debug.xcconfig"; path = "Target Support Files/Pods-MealOrderApp/Pods-MealOrderApp.debug.xcconfig"; sourceTree = "<group>"; };
		F4A1CF742251E7990F3893D8 /* Pods-MealOrderApp.release.xcconfig */ = {isa = PBXFileReference; includeInIndex = 1; lastKnownFileType = text.xcconfig; name = "Pods-MealOrderApp.release.xcconfig"; path = "Target Support Files/Pods-MealOrderApp/Pods-MealOrderApp.release.xcconfig"; sourceTree = "<group>"; };
		F62CB2C3FC0A4C89E00BCEFB /* Pods_MealOrderApp.framework */ = {isa = PBXFileReference; explicitFileType = wrapper.framework; includeInIndex = 0; path = Pods_MealOrderApp.framework; sourceTree = BUILT_PRODUCTS_DIR; };
/* End PBXFileReference section */

/* Begin PBXFrameworksBuildPhase section */
		3D3DE8AF2B39F132004373BE /* Frameworks */ = {
			isa = PBXFrameworksBuildPhase;
			buildActionMask = 2147483647;
			files = (
				3DB00CAE2B3B634400510B67 /* Kingfisher in Frameworks */,
				D2D729AB1A2C3A7440FF6AC4 /* Pods_MealOrderApp.framework in Frameworks */,
			);
			runOnlyForDeploymentPostprocessing = 0;
		};
/* End PBXFrameworksBuildPhase section */

/* Begin PBXGroup section */
		3D3DE8A92B39F132004373BE = {
			isa = PBXGroup;
			children = (
				3D3DE8B42B39F133004373BE /* MealOrderApp */,
				3D3DE8B32B39F133004373BE /* Products */,
				D85B319F2B6700DF2DA10DC3 /* Pods */,
				90AF6962046C10DA2AE3288A /* Frameworks */,
			);
			sourceTree = "<group>";
		};
		3D3DE8B32B39F133004373BE /* Products */ = {
			isa = PBXGroup;
			children = (
				3D3DE8B22B39F133004373BE /* MealOrderApp.app */,
			);
			name = Products;
			sourceTree = "<group>";
		};
		3D3DE8B42B39F133004373BE /* MealOrderApp */ = {
			isa = PBXGroup;
			children = (
				3D3DE8CF2B39FBFA004373BE /* Extensions */,
				3D3DE8CB2B39F7EF004373BE /* CustomViews */,
				3D3DE8CA2B39F7E6004373BE /* Views */,
				3D3DE8C92B39F7E0004373BE /* Models */,
				3D3DE8B52B39F133004373BE /* AppDelegate.swift */,
				3D3DE8B72B39F133004373BE /* SceneDelegate.swift */,
				3D3DE8BB2B39F133004373BE /* Main.storyboard */,
				3D3DE8BE2B39F135004373BE /* Assets.xcassets */,
				3D3DE8C02B39F135004373BE /* LaunchScreen.storyboard */,
				3D3DE8C32B39F135004373BE /* Info.plist */,
			);
			path = MealOrderApp;
			sourceTree = "<group>";
		};
		3D3DE8C92B39F7E0004373BE /* Models */ = {
			isa = PBXGroup;
			children = (
				3D3DE8D22B39FDF8004373BE /* OnboardingSlide.swift */,
				3D3DE8DF2B3B44AD004373BE /* DishCatagory.swift */,
				3DB00CB92B3C190C00510B67 /* Dish.swift */,
			);
			path = Models;
			sourceTree = "<group>";
		};
		3D3DE8CA2B39F7E6004373BE /* Views */ = {
			isa = PBXGroup;
			children = (
				3DB00CC02B3D5DB600510B67 /* DishDetail */,
				3D3DE8D62B3B2B2A004373BE /* Home */,
				3D3DE8CC2B39F824004373BE /* Onbording */,
			);
			path = Views;
			sourceTree = "<group>";
		};
		3D3DE8CB2B39F7EF004373BE /* CustomViews */ = {
			isa = PBXGroup;
			children = (
				3DB00CB12B3C0F3D00510B67 /* CardView */,
				3D3DE8D92B3B3A30004373BE /* CollectionViewCells */,
			);
			path = CustomViews;
			sourceTree = "<group>";
		};
		3D3DE8CC2B39F824004373BE /* Onbording */ = {
			isa = PBXGroup;
			children = (
				3D3DE8CD2B39F84A004373BE /* OnboardingViewController.swift */,
				3D3DE8D42B3A0115004373BE /* OnboardingCollectionViewCell.swift */,
			);
			path = Onbording;
			sourceTree = "<group>";
		};
		3D3DE8CF2B39FBFA004373BE /* Extensions */ = {
			isa = PBXGroup;
			children = (
				3D3DE8D02B39FC26004373BE /* UIview+Extensions.swift */,
				3DB00CAF2B3C04B100510B67 /* String+Extension.swift */,
				3DB00CC32B3D5F9D00510B67 /* UIViewController+Extension.swift */,
			);
			path = Extensions;
			sourceTree = "<group>";
		};
		3D3DE8D62B3B2B2A004373BE /* Home */ = {
			isa = PBXGroup;
			children = (
				3D3DE8D72B3B2BFA004373BE /* HomeViewController.swift */,
			);
			path = Home;
			sourceTree = "<group>";
		};
		3D3DE8D92B3B3A30004373BE /* CollectionViewCells */ = {
			isa = PBXGroup;
			children = (
				3DB00CBB2B3C819100510B67 /* DishLandscapeCollectionCell */,
				3DB00CB42B3C15DC00510B67 /* DishPortraitCollectionViewCell */,
				3D3DE8DA2B3B3A4B004373BE /* CatagoryCollectionViewCell */,
			);
			path = CollectionViewCells;
			sourceTree = "<group>";
		};
		3D3DE8DA2B3B3A4B004373BE /* CatagoryCollectionViewCell */ = {
			isa = PBXGroup;
			children = (
				3D3DE8DB2B3B3AA5004373BE /* CatagoryCollectionViewCell.swift */,
				3D3DE8DC2B3B3AA5004373BE /* CatagoryCollectionViewCell.xib */,
			);
			path = CatagoryCollectionViewCell;
			sourceTree = "<group>";
		};
		3DB00CB12B3C0F3D00510B67 /* CardView */ = {
			isa = PBXGroup;
			children = (
				3DB00CB22B3C0F5200510B67 /* CardView.swift */,
			);
			path = CardView;
			sourceTree = "<group>";
		};
		3DB00CB42B3C15DC00510B67 /* DishPortraitCollectionViewCell */ = {
			isa = PBXGroup;
			children = (
				3DB00CB52B3C162C00510B67 /* DishPortraitCollectionViewCell.swift */,
				3DB00CB62B3C162C00510B67 /* DishPortraitCollectionViewCell.xib */,
			);
			path = DishPortraitCollectionViewCell;
			sourceTree = "<group>";
		};
		3DB00CBB2B3C819100510B67 /* DishLandscapeCollectionCell */ = {
			isa = PBXGroup;
			children = (
				3DB00CBC2B3C81D100510B67 /* DishLandscapeCollectionViewCell.swift */,
				3DB00CBD2B3C81D100510B67 /* DishLandscapeCollectionViewCell.xib */,
			);
			path = DishLandscapeCollectionCell;
			sourceTree = "<group>";
		};
		3DB00CC02B3D5DB600510B67 /* DishDetail */ = {
			isa = PBXGroup;
			children = (
				3DB00CC12B3D5DF000510B67 /* DishDetailViewController.swift */,
			);
			path = DishDetail;
			sourceTree = "<group>";
		};
		90AF6962046C10DA2AE3288A /* Frameworks */ = {
			isa = PBXGroup;
			children = (
				F62CB2C3FC0A4C89E00BCEFB /* Pods_MealOrderApp.framework */,
			);
			name = Frameworks;
			sourceTree = "<group>";
		};
		D85B319F2B6700DF2DA10DC3 /* Pods */ = {
			isa = PBXGroup;
			children = (
				9E8C083A19CE3D09ACCF1C04 /* Pods-MealOrderApp.debug.xcconfig */,
				F4A1CF742251E7990F3893D8 /* Pods-MealOrderApp.release.xcconfig */,
			);
			path = Pods;
			sourceTree = "<group>";
		};
/* End PBXGroup section */

/* Begin PBXNativeTarget section */
		3D3DE8B12B39F132004373BE /* MealOrderApp */ = {
			isa = PBXNativeTarget;
			buildConfigurationList = 3D3DE8C62B39F135004373BE /* Build configuration list for PBXNativeTarget "MealOrderApp" */;
			buildPhases = (
				8D597A441C9691BC30C1B879 /* [CP] Check Pods Manifest.lock */,
				3D3DE8AE2B39F132004373BE /* Sources */,
				3D3DE8AF2B39F132004373BE /* Frameworks */,
				3D3DE8B02B39F132004373BE /* Resources */,
			);
			buildRules = (
			);
			dependencies = (
			);
			name = MealOrderApp;
			packageProductDependencies = (
				3DB00CAD2B3B634400510B67 /* Kingfisher */,
			);
			productName = MealOrderApp;
			productReference = 3D3DE8B22B39F133004373BE /* MealOrderApp.app */;
			productType = "com.apple.product-type.application";
		};
/* End PBXNativeTarget section */

/* Begin PBXProject section */
		3D3DE8AA2B39F132004373BE /* Project object */ = {
			isa = PBXProject;
			attributes = {
				BuildIndependentTargetsInParallel = 1;
				LastSwiftUpdateCheck = 1500;
				LastUpgradeCheck = 1500;
				TargetAttributes = {
					3D3DE8B12B39F132004373BE = {
						CreatedOnToolsVersion = 15.0.1;
					};
				};
			};
			buildConfigurationList = 3D3DE8AD2B39F132004373BE /* Build configuration list for PBXProject "MealOrderApp" */;
			compatibilityVersion = "Xcode 14.0";
			developmentRegion = en;
			hasScannedForEncodings = 0;
			knownRegions = (
				en,
				Base,
			);
			mainGroup = 3D3DE8A92B39F132004373BE;
			packageReferences = (
				3DB00CAC2B3B634400510B67 /* XCRemoteSwiftPackageReference "Kingfisher" */,
			);
			productRefGroup = 3D3DE8B32B39F133004373BE /* Products */;
			projectDirPath = "";
			projectRoot = "";
			targets = (
				3D3DE8B12B39F132004373BE /* MealOrderApp */,
			);
		};
/* End PBXProject section */

/* Begin PBXResourcesBuildPhase section */
		3D3DE8B02B39F132004373BE /* Resources */ = {
			isa = PBXResourcesBuildPhase;
			buildActionMask = 2147483647;
			files = (
				3D3DE8DE2B3B3AA5004373BE /* CatagoryCollectionViewCell.xib in Resources */,
				3D3DE8C22B39F135004373BE /* LaunchScreen.storyboard in Resources */,
				3DB00CB82B3C162C00510B67 /* DishPortraitCollectionViewCell.xib in Resources */,
				3D3DE8BF2B39F135004373BE /* Assets.xcassets in Resources */,
				3DB00CBF2B3C81D100510B67 /* DishLandscapeCollectionViewCell.xib in Resources */,
				3D3DE8BD2B39F133004373BE /* Main.storyboard in Resources */,
			);
			runOnlyForDeploymentPostprocessing = 0;
		};
/* End PBXResourcesBuildPhase section */

/* Begin PBXShellScriptBuildPhase section */
		8D597A441C9691BC30C1B879 /* [CP] Check Pods Manifest.lock */ = {
			isa = PBXShellScriptBuildPhase;
			buildActionMask = 2147483647;
			files = (
			);
			inputFileListPaths = (
			);
			inputPaths = (
				"${PODS_PODFILE_DIR_PATH}/Podfile.lock",
				"${PODS_ROOT}/Manifest.lock",
			);
			name = "[CP] Check Pods Manifest.lock";
			outputFileListPaths = (
			);
			outputPaths = (
				"$(DERIVED_FILE_DIR)/Pods-MealOrderApp-checkManifestLockResult.txt",
			);
			runOnlyForDeploymentPostprocessing = 0;
			shellPath = /bin/sh;
			shellScript = "diff \"${PODS_PODFILE_DIR_PATH}/Podfile.lock\" \"${PODS_ROOT}/Manifest.lock\" > /dev/null\nif [ $? != 0 ] ; then\n    # print error to STDERR\n    echo \"error: The sandbox is not in sync with the Podfile.lock. Run 'pod install' or update your CocoaPods installation.\" >&2\n    exit 1\nfi\n# This output is used by Xcode 'outputs' to avoid re-running this script phase.\necho \"SUCCESS\" > \"${SCRIPT_OUTPUT_FILE_0}\"\n";
			showEnvVarsInLog = 0;
		};
/* End PBXShellScriptBuildPhase section */

/* Begin PBXSourcesBuildPhase section */
		3D3DE8AE2B39F132004373BE /* Sources */ = {
			isa = PBXSourcesBuildPhase;
			buildActionMask = 2147483647;
			files = (
				3DB00CC42B3D5F9D00510B67 /* UIViewController+Extension.swift in Sources */,
				3D3DE8DD2B3B3AA5004373BE /* CatagoryCollectionViewCell.swift in Sources */,
				3D3DE8D32B39FDF8004373BE /* OnboardingSlide.swift in Sources */,
				3D3DE8CE2B39F84A004373BE /* OnboardingViewController.swift in Sources */,
				3D3DE8B62B39F133004373BE /* AppDelegate.swift in Sources */,
				3D3DE8D12B39FC26004373BE /* UIview+Extensions.swift in Sources */,
				3D3DE8B82B39F133004373BE /* SceneDelegate.swift in Sources */,
				3DB00CC22B3D5DF000510B67 /* DishDetailViewController.swift in Sources */,
				3D3DE8D82B3B2BFA004373BE /* HomeViewController.swift in Sources */,
				3D3DE8E02B3B44AD004373BE /* DishCatagory.swift in Sources */,
				3DB00CBE2B3C81D100510B67 /* DishLandscapeCollectionViewCell.swift in Sources */,
				3DB00CB02B3C04B100510B67 /* String+Extension.swift in Sources */,
				3DB00CB32B3C0F5200510B67 /* CardView.swift in Sources */,
				3D3DE8D52B3A0115004373BE /* OnboardingCollectionViewCell.swift in Sources */,
				3DB00CBA2B3C190C00510B67 /* Dish.swift in Sources */,
				3DB00CB72B3C162C00510B67 /* DishPortraitCollectionViewCell.swift in Sources */,
			);
			runOnlyForDeploymentPostprocessing = 0;
		};
/* End PBXSourcesBuildPhase section */

/* Begin PBXVariantGroup section */
		3D3DE8BB2B39F133004373BE /* Main.storyboard */ = {
			isa = PBXVariantGroup;
			children = (
				3D3DE8BC2B39F133004373BE /* Base */,
			);
			name = Main.storyboard;
			sourceTree = "<group>";
		};
		3D3DE8C02B39F135004373BE /* LaunchScreen.storyboard */ = {
			isa = PBXVariantGroup;
			children = (
				3D3DE8C12B39F135004373BE /* Base */,
			);
			name = LaunchScreen.storyboard;
			sourceTree = "<group>";
		};
/* End PBXVariantGroup section */

/* Begin XCBuildConfiguration section */
		3D3DE8C42B39F135004373BE /* Debug */ = {
			isa = XCBuildConfiguration;
			buildSettings = {
				ALWAYS_SEARCH_USER_PATHS = NO;
				ASSETCATALOG_COMPILER_GENERATE_SWIFT_ASSET_SYMBOL_EXTENSIONS = YES;
				CLANG_ANALYZER_NONNULL = YES;
				CLANG_ANALYZER_NUMBER_OBJECT_CONVERSION = YES_AGGRESSIVE;
				CLANG_CXX_LANGUAGE_STANDARD = "gnu++20";
				CLANG_ENABLE_MODULES = YES;
				CLANG_ENABLE_OBJC_ARC = YES;
				CLANG_ENABLE_OBJC_WEAK = YES;
				CLANG_WARN_BLOCK_CAPTURE_AUTORELEASING = YES;
				CLANG_WARN_BOOL_CONVERSION = YES;
				CLANG_WARN_COMMA = YES;
				CLANG_WARN_CONSTANT_CONVERSION = YES;
				CLANG_WARN_DEPRECATED_OBJC_IMPLEMENTATIONS = YES;
				CLANG_WARN_DIRECT_OBJC_ISA_USAGE = YES_ERROR;
				CLANG_WARN_DOCUMENTATION_COMMENTS = YES;
				CLANG_WARN_EMPTY_BODY = YES;
				CLANG_WARN_ENUM_CONVERSION = YES;
				CLANG_WARN_INFINITE_RECURSION = YES;
				CLANG_WARN_INT_CONVERSION = YES;
				CLANG_WARN_NON_LITERAL_NULL_CONVERSION = YES;
				CLANG_WARN_OBJC_IMPLICIT_RETAIN_SELF = YES;
				CLANG_WARN_OBJC_LITERAL_CONVERSION = YES;
				CLANG_WARN_OBJC_ROOT_CLASS = YES_ERROR;
				CLANG_WARN_QUOTED_INCLUDE_IN_FRAMEWORK_HEADER = YES;
				CLANG_WARN_RANGE_LOOP_ANALYSIS = YES;
				CLANG_WARN_STRICT_PROTOTYPES = YES;
				CLANG_WARN_SUSPICIOUS_MOVE = YES;
				CLANG_WARN_UNGUARDED_AVAILABILITY = YES_AGGRESSIVE;
				CLANG_WARN_UNREACHABLE_CODE = YES;
				CLANG_WARN__DUPLICATE_METHOD_MATCH = YES;
				COPY_PHASE_STRIP = NO;
				DEBUG_INFORMATION_FORMAT = dwarf;
				ENABLE_STRICT_OBJC_MSGSEND = YES;
				ENABLE_TESTABILITY = YES;
				ENABLE_USER_SCRIPT_SANDBOXING = YES;
				GCC_C_LANGUAGE_STANDARD = gnu17;
				GCC_DYNAMIC_NO_PIC = NO;
				GCC_NO_COMMON_BLOCKS = YES;
				GCC_OPTIMIZATION_LEVEL = 0;
				GCC_PREPROCESSOR_DEFINITIONS = (
					"DEBUG=1",
					"$(inherited)",
				);
				GCC_WARN_64_TO_32_BIT_CONVERSION = YES;
				GCC_WARN_ABOUT_RETURN_TYPE = YES_ERROR;
				GCC_WARN_UNDECLARED_SELECTOR = YES;
				GCC_WARN_UNINITIALIZED_AUTOS = YES_AGGRESSIVE;
				GCC_WARN_UNUSED_FUNCTION = YES;
				GCC_WARN_UNUSED_VARIABLE = YES;
				IPHONEOS_DEPLOYMENT_TARGET = 17.0;
				LOCALIZATION_PREFERS_STRING_CATALOGS = YES;
				MTL_ENABLE_DEBUG_INFO = INCLUDE_SOURCE;
				MTL_FAST_MATH = YES;
				ONLY_ACTIVE_ARCH = YES;
				SDKROOT = iphoneos;
				SWIFT_ACTIVE_COMPILATION_CONDITIONS = "DEBUG $(inherited)";
				SWIFT_OPTIMIZATION_LEVEL = "-Onone";
			};
			name = Debug;
		};
		3D3DE8C52B39F135004373BE /* Release */ = {
			isa = XCBuildConfiguration;
			buildSettings = {
				ALWAYS_SEARCH_USER_PATHS = NO;
				ASSETCATALOG_COMPILER_GENERATE_SWIFT_ASSET_SYMBOL_EXTENSIONS = YES;
				CLANG_ANALYZER_NONNULL = YES;
				CLANG_ANALYZER_NUMBER_OBJECT_CONVERSION = YES_AGGRESSIVE;
				CLANG_CXX_LANGUAGE_STANDARD = "gnu++20";
				CLANG_ENABLE_MODULES = YES;
				CLANG_ENABLE_OBJC_ARC = YES;
				CLANG_ENABLE_OBJC_WEAK = YES;
				CLANG_WARN_BLOCK_CAPTURE_AUTORELEASING = YES;
				CLANG_WARN_BOOL_CONVERSION = YES;
				CLANG_WARN_COMMA = YES;
				CLANG_WARN_CONSTANT_CONVERSION = YES;
				CLANG_WARN_DEPRECATED_OBJC_IMPLEMENTATIONS = YES;
				CLANG_WARN_DIRECT_OBJC_ISA_USAGE = YES_ERROR;
				CLANG_WARN_DOCUMENTATION_COMMENTS = YES;
				CLANG_WARN_EMPTY_BODY = YES;
				CLANG_WARN_ENUM_CONVERSION = YES;
				CLANG_WARN_INFINITE_RECURSION = YES;
				CLANG_WARN_INT_CONVERSION = YES;
				CLANG_WARN_NON_LITERAL_NULL_CONVERSION = YES;
				CLANG_WARN_OBJC_IMPLICIT_RETAIN_SELF = YES;
				CLANG_WARN_OBJC_LITERAL_CONVERSION = YES;
				CLANG_WARN_OBJC_ROOT_CLASS = YES_ERROR;
				CLANG_WARN_QUOTED_INCLUDE_IN_FRAMEWORK_HEADER = YES;
				CLANG_WARN_RANGE_LOOP_ANALYSIS = YES;
				CLANG_WARN_STRICT_PROTOTYPES = YES;
				CLANG_WARN_SUSPICIOUS_MOVE = YES;
				CLANG_WARN_UNGUARDED_AVAILABILITY = YES_AGGRESSIVE;
				CLANG_WARN_UNREACHABLE_CODE = YES;
				CLANG_WARN__DUPLICATE_METHOD_MATCH = YES;
				COPY_PHASE_STRIP = NO;
				DEBUG_INFORMATION_FORMAT = "dwarf-with-dsym";
				ENABLE_NS_ASSERTIONS = NO;
				ENABLE_STRICT_OBJC_MSGSEND = YES;
				ENABLE_USER_SCRIPT_SANDBOXING = YES;
				GCC_C_LANGUAGE_STANDARD = gnu17;
				GCC_NO_COMMON_BLOCKS = YES;
				GCC_WARN_64_TO_32_BIT_CONVERSION = YES;
				GCC_WARN_ABOUT_RETURN_TYPE = YES_ERROR;
				GCC_WARN_UNDECLARED_SELECTOR = YES;
				GCC_WARN_UNINITIALIZED_AUTOS = YES_AGGRESSIVE;
				GCC_WARN_UNUSED_FUNCTION = YES;
				GCC_WARN_UNUSED_VARIABLE = YES;
				IPHONEOS_DEPLOYMENT_TARGET = 17.0;
				LOCALIZATION_PREFERS_STRING_CATALOGS = YES;
				MTL_ENABLE_DEBUG_INFO = NO;
				MTL_FAST_MATH = YES;
				SDKROOT = iphoneos;
				SWIFT_COMPILATION_MODE = wholemodule;
				VALIDATE_PRODUCT = YES;
			};
			name = Release;
		};
		3D3DE8C72B39F135004373BE /* Debug */ = {
			isa = XCBuildConfiguration;
			baseConfigurationReference = 9E8C083A19CE3D09ACCF1C04 /* Pods-MealOrderApp.debug.xcconfig */;
			buildSettings = {
				ASSETCATALOG_COMPILER_APPICON_NAME = AppIcon;
				ASSETCATALOG_COMPILER_GLOBAL_ACCENT_COLOR_NAME = AccentColor;
				CODE_SIGN_STYLE = Automatic;
				CURRENT_PROJECT_VERSION = 1;
				DEVELOPMENT_TEAM = 628PNWMZP5;
				GENERATE_INFOPLIST_FILE = YES;
				INFOPLIST_FILE = MealOrderApp/Info.plist;
				INFOPLIST_KEY_UIApplicationSupportsIndirectInputEvents = YES;
				INFOPLIST_KEY_UILaunchStoryboardName = LaunchScreen;
				INFOPLIST_KEY_UIMainStoryboardFile = Main;
				INFOPLIST_KEY_UISupportedInterfaceOrientations_iPad = "UIInterfaceOrientationPortrait UIInterfaceOrientationPortraitUpsideDown UIInterfaceOrientationLandscapeLeft UIInterfaceOrientationLandscapeRight";
				INFOPLIST_KEY_UISupportedInterfaceOrientations_iPhone = "UIInterfaceOrientationPortrait UIInterfaceOrientationLandscapeLeft UIInterfaceOrientationLandscapeRight";
				LD_RUNPATH_SEARCH_PATHS = (
					"$(inherited)",
					"@executable_path/Frameworks",
				);
				MARKETING_VERSION = 1.0;
				PRODUCT_BUNDLE_IDENTIFIER = com.alkanfatih.MealOrderApp;
				PRODUCT_NAME = "$(TARGET_NAME)";
				SWIFT_EMIT_LOC_STRINGS = YES;
				SWIFT_VERSION = 5.0;
				TARGETED_DEVICE_FAMILY = "1,2";
			};
			name = Debug;
		};
		3D3DE8C82B39F135004373BE /* Release */ = {
			isa = XCBuildConfiguration;
			baseConfigurationReference = F4A1CF742251E7990F3893D8 /* Pods-MealOrderApp.release.xcconfig */;
			buildSettings = {
				ASSETCATALOG_COMPILER_APPICON_NAME = AppIcon;
				ASSETCATALOG_COMPILER_GLOBAL_ACCENT_COLOR_NAME = AccentColor;
				CODE_SIGN_STYLE = Automatic;
				CURRENT_PROJECT_VERSION = 1;
				DEVELOPMENT_TEAM = 628PNWMZP5;
				GENERATE_INFOPLIST_FILE = YES;
				INFOPLIST_FILE = MealOrderApp/Info.plist;
				INFOPLIST_KEY_UIApplicationSupportsIndirectInputEvents = YES;
				INFOPLIST_KEY_UILaunchStoryboardName = LaunchScreen;
				INFOPLIST_KEY_UIMainStoryboardFile = Main;
				INFOPLIST_KEY_UISupportedInterfaceOrientations_iPad = "UIInterfaceOrientationPortrait UIInterfaceOrientationPortraitUpsideDown UIInterfaceOrientationLandscapeLeft UIInterfaceOrientationLandscapeRight";
				INFOPLIST_KEY_UISupportedInterfaceOrientations_iPhone = "UIInterfaceOrientationPortrait UIInterfaceOrientationLandscapeLeft UIInterfaceOrientationLandscapeRight";
				LD_RUNPATH_SEARCH_PATHS = (
					"$(inherited)",
					"@executable_path/Frameworks",
				);
				MARKETING_VERSION = 1.0;
				PRODUCT_BUNDLE_IDENTIFIER = com.alkanfatih.MealOrderApp;
				PRODUCT_NAME = "$(TARGET_NAME)";
				SWIFT_EMIT_LOC_STRINGS = YES;
				SWIFT_VERSION = 5.0;
				TARGETED_DEVICE_FAMILY = "1,2";
			};
			name = Release;
		};
/* End XCBuildConfiguration section */

/* Begin XCConfigurationList section */
		3D3DE8AD2B39F132004373BE /* Build configuration list for PBXProject "MealOrderApp" */ = {
			isa = XCConfigurationList;
			buildConfigurations = (
				3D3DE8C42B39F135004373BE /* Debug */,
				3D3DE8C52B39F135004373BE /* Release */,
			);
			defaultConfigurationIsVisible = 0;
			defaultConfigurationName = Release;
		};
		3D3DE8C62B39F135004373BE /* Build configuration list for PBXNativeTarget "MealOrderApp" */ = {
			isa = XCConfigurationList;
			buildConfigurations = (
				3D3DE8C72B39F135004373BE /* Debug */,
				3D3DE8C82B39F135004373BE /* Release */,
			);
			defaultConfigurationIsVisible = 0;
			defaultConfigurationName = Release;
		};
/* End XCConfigurationList section */

/* Begin XCRemoteSwiftPackageReference section */
		3DB00CAC2B3B634400510B67 /* XCRemoteSwiftPackageReference "Kingfisher" */ = {
			isa = XCRemoteSwiftPackageReference;
			repositoryURL = "https://github.com/onevcat/Kingfisher.git";
			requirement = {
				kind = upToNextMajorVersion;
				minimumVersion = 7.10.1;
			};
		};
/* End XCRemoteSwiftPackageReference section */

/* Begin XCSwiftPackageProductDependency section */
		3DB00CAD2B3B634400510B67 /* Kingfisher */ = {
			isa = XCSwiftPackageProductDependency;
			package = 3DB00CAC2B3B634400510B67 /* XCRemoteSwiftPackageReference "Kingfisher" */;
			productName = Kingfisher;
		};
/* End XCSwiftPackageProductDependency section */
	};
	rootObject = 3D3DE8AA2B39F132004373BE /* Project object */;
}
